// !$*UTF8*$!
{
	archiveVersion = 1;
	classes = {
	};
	objectVersion = 50;
	objects = {

/* Begin PBXBuildFile section */
		E118742520BF40CE008B1B5C /* AppsTableCell.swift in Sources */ = {isa = PBXBuildFile; fileRef = E118742320BF40CE008B1B5C /* AppsTableCell.swift */; };
		E118742620BF40CE008B1B5C /* AppsTableCell.xib in Resources */ = {isa = PBXBuildFile; fileRef = E118742420BF40CE008B1B5C /* AppsTableCell.xib */; };
		E118742920BF44D5008B1B5C /* Extensions.swift in Sources */ = {isa = PBXBuildFile; fileRef = E118742820BF44D5008B1B5C /* Extensions.swift */; };
		E118742C20BF4EA6008B1B5C /* AppsTableVC.swift in Sources */ = {isa = PBXBuildFile; fileRef = E118742A20BF4EA6008B1B5C /* AppsTableVC.swift */; };
		E118742D20BF4EA6008B1B5C /* AppsTableVC.xib in Resources */ = {isa = PBXBuildFile; fileRef = E118742B20BF4EA6008B1B5C /* AppsTableVC.xib */; };
		E16991FF20BF1CDE001EE78D /* App.swift in Sources */ = {isa = PBXBuildFile; fileRef = E16991FE20BF1CDE001EE78D /* App.swift */; };
		E1719B2A20BF15430078D8F7 /* AppDelegate.swift in Sources */ = {isa = PBXBuildFile; fileRef = E1719B2920BF15430078D8F7 /* AppDelegate.swift */; };
		E1719B3120BF15450078D8F7 /* Assets.xcassets in Resources */ = {isa = PBXBuildFile; fileRef = E1719B3020BF15450078D8F7 /* Assets.xcassets */; };
		E1719B3420BF15450078D8F7 /* LaunchScreen.storyboard in Resources */ = {isa = PBXBuildFile; fileRef = E1719B3220BF15450078D8F7 /* LaunchScreen.storyboard */; };
		E17F547E20BFC99500B7DCDE /* AppDetailsVC.swift in Sources */ = {isa = PBXBuildFile; fileRef = E17F547C20BFC99500B7DCDE /* AppDetailsVC.swift */; };
		E17F547F20BFC99500B7DCDE /* AppDetailsVC.xib in Resources */ = {isa = PBXBuildFile; fileRef = E17F547D20BFC99500B7DCDE /* AppDetailsVC.xib */; };
		E17F548120BFCA2000B7DCDE /* AppImageCell.swift in Sources */ = {isa = PBXBuildFile; fileRef = E17F548020BFCA2000B7DCDE /* AppImageCell.swift */; };
		E17F548320BFCA2A00B7DCDE /* AppImageCell.xib in Resources */ = {isa = PBXBuildFile; fileRef = E17F548220BFCA2A00B7DCDE /* AppImageCell.xib */; };
		E17F548620BFCA4000B7DCDE /* AppDetailCell.xib in Resources */ = {isa = PBXBuildFile; fileRef = E17F548420BFCA4000B7DCDE /* AppDetailCell.xib */; };
		E17F548720BFCA4000B7DCDE /* AppDetailCell.swift in Sources */ = {isa = PBXBuildFile; fileRef = E17F548520BFCA4000B7DCDE /* AppDetailCell.swift */; };
		E17F548A20BFD33400B7DCDE /* AppDescriptionCell.swift in Sources */ = {isa = PBXBuildFile; fileRef = E17F548820BFD33400B7DCDE /* AppDescriptionCell.swift */; };
		E17F548B20BFD33400B7DCDE /* AppDescriptionCell.xib in Resources */ = {isa = PBXBuildFile; fileRef = E17F548920BFD33400B7DCDE /* AppDescriptionCell.xib */; };
		E1C7E91E20BFF585002D1AB8 /* ImageVC.swift in Sources */ = {isa = PBXBuildFile; fileRef = E1C7E91C20BFF585002D1AB8 /* ImageVC.swift */; };
		E1C7E91F20BFF585002D1AB8 /* ImageVC.xib in Resources */ = {isa = PBXBuildFile; fileRef = E1C7E91D20BFF585002D1AB8 /* ImageVC.xib */; };
		E1EECC1720BFDD7900023EC6 /* WebVC.xib in Resources */ = {isa = PBXBuildFile; fileRef = E1EECC1520BFDD7900023EC6 /* WebVC.xib */; };
		E1EECC1820BFDD7900023EC6 /* WebVC.swift in Sources */ = {isa = PBXBuildFile; fileRef = E1EECC1620BFDD7900023EC6 /* WebVC.swift */; };
		EEAE83C0353C48B519B266DD /* Pods_iTunesAppsList.framework in Frameworks */ = {isa = PBXBuildFile; fileRef = 13F49E4C8548B577C0257AA5 /* Pods_iTunesAppsList.framework */; };
/* End PBXBuildFile section */

/* Begin PBXFileReference section */
		0E53299E0541191565765FC9 /* Pods-iTunesAppsList.debug.xcconfig */ = {isa = PBXFileReference; includeInIndex = 1; lastKnownFileType = text.xcconfig; name = "Pods-iTunesAppsList.debug.xcconfig"; path = "Pods/Target Support Files/Pods-iTunesAppsList/Pods-iTunesAppsList.debug.xcconfig"; sourceTree = "<group>"; };
		13F49E4C8548B577C0257AA5 /* Pods_iTunesAppsList.framework */ = {isa = PBXFileReference; explicitFileType = wrapper.framework; includeInIndex = 0; path = Pods_iTunesAppsList.framework; sourceTree = BUILT_PRODUCTS_DIR; };
		1673F8E8769004C05867F04B /* Pods-iTunesAppsList.release.xcconfig */ = {isa = PBXFileReference; includeInIndex = 1; lastKnownFileType = text.xcconfig; name = "Pods-iTunesAppsList.release.xcconfig"; path = "Pods/Target Support Files/Pods-iTunesAppsList/Pods-iTunesAppsList.release.xcconfig"; sourceTree = "<group>"; };
		E118742320BF40CE008B1B5C /* AppsTableCell.swift */ = {isa = PBXFileReference; lastKnownFileType = sourcecode.swift; path = AppsTableCell.swift; sourceTree = "<group>"; };
		E118742420BF40CE008B1B5C /* AppsTableCell.xib */ = {isa = PBXFileReference; lastKnownFileType = file.xib; path = AppsTableCell.xib; sourceTree = "<group>"; };
		E118742820BF44D5008B1B5C /* Extensions.swift */ = {isa = PBXFileReference; lastKnownFileType = sourcecode.swift; path = Extensions.swift; sourceTree = "<group>"; };
		E118742A20BF4EA6008B1B5C /* AppsTableVC.swift */ = {isa = PBXFileReference; lastKnownFileType = sourcecode.swift; path = AppsTableVC.swift; sourceTree = "<group>"; };
		E118742B20BF4EA6008B1B5C /* AppsTableVC.xib */ = {isa = PBXFileReference; lastKnownFileType = file.xib; path = AppsTableVC.xib; sourceTree = "<group>"; };
		E16991FE20BF1CDE001EE78D /* App.swift */ = {isa = PBXFileReference; lastKnownFileType = sourcecode.swift; path = App.swift; sourceTree = "<group>"; };
		E1719B2620BF15430078D8F7 /* iTunesAppsList.app */ = {isa = PBXFileReference; explicitFileType = wrapper.application; includeInIndex = 0; path = iTunesAppsList.app; sourceTree = BUILT_PRODUCTS_DIR; };
		E1719B2920BF15430078D8F7 /* AppDelegate.swift */ = {isa = PBXFileReference; lastKnownFileType = sourcecode.swift; path = AppDelegate.swift; sourceTree = "<group>"; };
		E1719B3020BF15450078D8F7 /* Assets.xcassets */ = {isa = PBXFileReference; lastKnownFileType = folder.assetcatalog; path = Assets.xcassets; sourceTree = "<group>"; };
		E1719B3320BF15450078D8F7 /* Base */ = {isa = PBXFileReference; lastKnownFileType = file.storyboard; name = Base; path = Base.lproj/LaunchScreen.storyboard; sourceTree = "<group>"; };
		E1719B3520BF15450078D8F7 /* Info.plist */ = {isa = PBXFileReference; lastKnownFileType = text.plist.xml; path = Info.plist; sourceTree = "<group>"; };
		E17F547C20BFC99500B7DCDE /* AppDetailsVC.swift */ = {isa = PBXFileReference; lastKnownFileType = sourcecode.swift; path = AppDetailsVC.swift; sourceTree = "<group>"; };
		E17F547D20BFC99500B7DCDE /* AppDetailsVC.xib */ = {isa = PBXFileReference; lastKnownFileType = file.xib; path = AppDetailsVC.xib; sourceTree = "<group>"; };
		E17F548020BFCA2000B7DCDE /* AppImageCell.swift */ = {isa = PBXFileReference; fileEncoding = 4; lastKnownFileType = sourcecode.swift; path = AppImageCell.swift; sourceTree = "<group>"; };
		E17F548220BFCA2A00B7DCDE /* AppImageCell.xib */ = {isa = PBXFileReference; fileEncoding = 4; lastKnownFileType = file.xib; path = AppImageCell.xib; sourceTree = "<group>"; };
		E17F548420BFCA4000B7DCDE /* AppDetailCell.xib */ = {isa = PBXFileReference; fileEncoding = 4; lastKnownFileType = file.xib; path = AppDetailCell.xib; sourceTree = "<group>"; };
		E17F548520BFCA4000B7DCDE /* AppDetailCell.swift */ = {isa = PBXFileReference; fileEncoding = 4; lastKnownFileType = sourcecode.swift; path = AppDetailCell.swift; sourceTree = "<group>"; };
		E17F548820BFD33400B7DCDE /* AppDescriptionCell.swift */ = {isa = PBXFileReference; lastKnownFileType = sourcecode.swift; path = AppDescriptionCell.swift; sourceTree = "<group>"; };
		E17F548920BFD33400B7DCDE /* AppDescriptionCell.xib */ = {isa = PBXFileReference; lastKnownFileType = file.xib; path = AppDescriptionCell.xib; sourceTree = "<group>"; };
		E1C7E91C20BFF585002D1AB8 /* ImageVC.swift */ = {isa = PBXFileReference; lastKnownFileType = sourcecode.swift; path = ImageVC.swift; sourceTree = "<group>"; };
		E1C7E91D20BFF585002D1AB8 /* ImageVC.xib */ = {isa = PBXFileReference; lastKnownFileType = file.xib; path = ImageVC.xib; sourceTree = "<group>"; };
		E1EECC1520BFDD7900023EC6 /* WebVC.xib */ = {isa = PBXFileReference; fileEncoding = 4; lastKnownFileType = file.xib; path = WebVC.xib; sourceTree = "<group>"; };
		E1EECC1620BFDD7900023EC6 /* WebVC.swift */ = {isa = PBXFileReference; fileEncoding = 4; lastKnownFileType = sourcecode.swift; path = WebVC.swift; sourceTree = "<group>"; };
/* End PBXFileReference section */

/* Begin PBXFrameworksBuildPhase section */
		E1719B2320BF15430078D8F7 /* Frameworks */ = {
			isa = PBXFrameworksBuildPhase;
			buildActionMask = 2147483647;
			files = (
				EEAE83C0353C48B519B266DD /* Pods_iTunesAppsList.framework in Frameworks */,
			);
			runOnlyForDeploymentPostprocessing = 0;
		};
/* End PBXFrameworksBuildPhase section */

/* Begin PBXGroup section */
		30B02027AED9610A8BBD46D0 /* Frameworks */ = {
			isa = PBXGroup;
			children = (
				13F49E4C8548B577C0257AA5 /* Pods_iTunesAppsList.framework */,
			);
			name = Frameworks;
			sourceTree = "<group>";
		};
		E118742220BF40B6008B1B5C /* Views */ = {
			isa = PBXGroup;
			children = (
				E17F548020BFCA2000B7DCDE /* AppImageCell.swift */,
				E17F548220BFCA2A00B7DCDE /* AppImageCell.xib */,
				E17F548520BFCA4000B7DCDE /* AppDetailCell.swift */,
				E17F548420BFCA4000B7DCDE /* AppDetailCell.xib */,
				E118742320BF40CE008B1B5C /* AppsTableCell.swift */,
				E118742420BF40CE008B1B5C /* AppsTableCell.xib */,
				E17F548820BFD33400B7DCDE /* AppDescriptionCell.swift */,
				E17F548920BFD33400B7DCDE /* AppDescriptionCell.xib */,
			);
			name = Views;
			sourceTree = "<group>";
		};
		E118742720BF44A4008B1B5C /* Extensions */ = {
			isa = PBXGroup;
			children = (
				E118742820BF44D5008B1B5C /* Extensions.swift */,
			);
			name = Extensions;
			sourceTree = "<group>";
		};
		E1719B1D20BF15430078D8F7 = {
			isa = PBXGroup;
			children = (
				E1719B2820BF15430078D8F7 /* iTunesAppsList */,
				E1719B2720BF15430078D8F7 /* Products */,
				F08494D29A279DEE3D21B78A /* Pods */,
				30B02027AED9610A8BBD46D0 /* Frameworks */,
			);
			sourceTree = "<group>";
		};
		E1719B2720BF15430078D8F7 /* Products */ = {
			isa = PBXGroup;
			children = (
				E1719B2620BF15430078D8F7 /* iTunesAppsList.app */,
			);
			name = Products;
			sourceTree = "<group>";
		};
		E1719B2820BF15430078D8F7 /* iTunesAppsList */ = {
			isa = PBXGroup;
			children = (
				E118742720BF44A4008B1B5C /* Extensions */,
				E118742220BF40B6008B1B5C /* Views */,
				E1719B4020BF1A370078D8F7 /* Model */,
				E1719B3C20BF15BC0078D8F7 /* Controllers */,
				E1719B3B20BF15770078D8F7 /* SupportingFiles */,
			);
			path = iTunesAppsList;
			sourceTree = "<group>";
		};
		E1719B3B20BF15770078D8F7 /* SupportingFiles */ = {
			isa = PBXGroup;
			children = (
				E1719B2920BF15430078D8F7 /* AppDelegate.swift */,
				E1719B3020BF15450078D8F7 /* Assets.xcassets */,
				E1719B3220BF15450078D8F7 /* LaunchScreen.storyboard */,
				E1719B3520BF15450078D8F7 /* Info.plist */,
			);
			name = SupportingFiles;
			sourceTree = "<group>";
		};
		E1719B3C20BF15BC0078D8F7 /* Controllers */ = {
			isa = PBXGroup;
			children = (
				E1EECC1620BFDD7900023EC6 /* WebVC.swift */,
				E1EECC1520BFDD7900023EC6 /* WebVC.xib */,
				E118742A20BF4EA6008B1B5C /* AppsTableVC.swift */,
				E118742B20BF4EA6008B1B5C /* AppsTableVC.xib */,
				E17F547C20BFC99500B7DCDE /* AppDetailsVC.swift */,
				E17F547D20BFC99500B7DCDE /* AppDetailsVC.xib */,
				E1C7E91C20BFF585002D1AB8 /* ImageVC.swift */,
				E1C7E91D20BFF585002D1AB8 /* ImageVC.xib */,
			);
			name = Controllers;
			sourceTree = "<group>";
		};
		E1719B4020BF1A370078D8F7 /* Model */ = {
			isa = PBXGroup;
			children = (
				E16991FE20BF1CDE001EE78D /* App.swift */,
			);
			name = Model;
			sourceTree = "<group>";
		};
		F08494D29A279DEE3D21B78A /* Pods */ = {
			isa = PBXGroup;
			children = (
				0E53299E0541191565765FC9 /* Pods-iTunesAppsList.debug.xcconfig */,
				1673F8E8769004C05867F04B /* Pods-iTunesAppsList.release.xcconfig */,
			);
			name = Pods;
			sourceTree = "<group>";
		};
/* End PBXGroup section */

/* Begin PBXNativeTarget section */
		E1719B2520BF15430078D8F7 /* iTunesAppsList */ = {
			isa = PBXNativeTarget;
			buildConfigurationList = E1719B3820BF15450078D8F7 /* Build configuration list for PBXNativeTarget "iTunesAppsList" */;
			buildPhases = (
				066B24DCE9608B9D106E4477 /* [CP] Check Pods Manifest.lock */,
				E1719B2220BF15430078D8F7 /* Sources */,
				E1719B2320BF15430078D8F7 /* Frameworks */,
				E1719B2420BF15430078D8F7 /* Resources */,
				00044387E42F2877904E8F2B /* [CP] Embed Pods Frameworks */,
				122E53A96FDF64F79D317952 /* [CP] Copy Pods Resources */,
			);
			buildRules = (
			);
			dependencies = (
			);
			name = iTunesAppsList;
			productName = iTunesAppsList;
			productReference = E1719B2620BF15430078D8F7 /* iTunesAppsList.app */;
			productType = "com.apple.product-type.application";
		};
/* End PBXNativeTarget section */

/* Begin PBXProject section */
		E1719B1E20BF15430078D8F7 /* Project object */ = {
			isa = PBXProject;
			attributes = {
				LastSwiftUpdateCheck = 0940;
				LastUpgradeCheck = 0940;
				ORGANIZATIONNAME = "Abdullah Adwan";
				TargetAttributes = {
					E1719B2520BF15430078D8F7 = {
						CreatedOnToolsVersion = 9.4;
					};
				};
			};
			buildConfigurationList = E1719B2120BF15430078D8F7 /* Build configuration list for PBXProject "iTunesAppsList" */;
			compatibilityVersion = "Xcode 9.3";
			developmentRegion = en;
			hasScannedForEncodings = 0;
			knownRegions = (
				en,
				Base,
			);
			mainGroup = E1719B1D20BF15430078D8F7;
			productRefGroup = E1719B2720BF15430078D8F7 /* Products */;
			projectDirPath = "";
			projectRoot = "";
			targets = (
				E1719B2520BF15430078D8F7 /* iTunesAppsList */,
			);
		};
/* End PBXProject section */

/* Begin PBXResourcesBuildPhase section */
		E1719B2420BF15430078D8F7 /* Resources */ = {
			isa = PBXResourcesBuildPhase;
			buildActionMask = 2147483647;
			files = (
				E1EECC1720BFDD7900023EC6 /* WebVC.xib in Resources */,
				E1719B3420BF15450078D8F7 /* LaunchScreen.storyboard in Resources */,
				E118742620BF40CE008B1B5C /* AppsTableCell.xib in Resources */,
				E118742D20BF4EA6008B1B5C /* AppsTableVC.xib in Resources */,
				E17F547F20BFC99500B7DCDE /* AppDetailsVC.xib in Resources */,
				E17F548B20BFD33400B7DCDE /* AppDescriptionCell.xib in Resources */,
				E17F548320BFCA2A00B7DCDE /* AppImageCell.xib in Resources */,
				E1719B3120BF15450078D8F7 /* Assets.xcassets in Resources */,
				E1C7E91F20BFF585002D1AB8 /* ImageVC.xib in Resources */,
				E17F548620BFCA4000B7DCDE /* AppDetailCell.xib in Resources */,
			);
			runOnlyForDeploymentPostprocessing = 0;
		};
/* End PBXResourcesBuildPhase section */

/* Begin PBXShellScriptBuildPhase section */
		00044387E42F2877904E8F2B /* [CP] Embed Pods Frameworks */ = {
			isa = PBXShellScriptBuildPhase;
			buildActionMask = 2147483647;
			files = (
			);
			inputPaths = (
				"${SRCROOT}/Pods/Target Support Files/Pods-iTunesAppsList/Pods-iTunesAppsList-frameworks.sh",
				"${BUILT_PRODUCTS_DIR}/Alamofire/Alamofire.framework",
			);
			name = "[CP] Embed Pods Frameworks";
			outputPaths = (
				"${TARGET_BUILD_DIR}/${FRAMEWORKS_FOLDER_PATH}/Alamofire.framework",
			);
			runOnlyForDeploymentPostprocessing = 0;
			shellPath = /bin/sh;
			shellScript = "\"${SRCROOT}/Pods/Target Support Files/Pods-iTunesAppsList/Pods-iTunesAppsList-frameworks.sh\"\n";
			showEnvVarsInLog = 0;
		};
		066B24DCE9608B9D106E4477 /* [CP] Check Pods Manifest.lock */ = {
			isa = PBXShellScriptBuildPhase;
			buildActionMask = 2147483647;
			files = (
			);
			inputPaths = (
				"${PODS_PODFILE_DIR_PATH}/Podfile.lock",
				"${PODS_ROOT}/Manifest.lock",
			);
			name = "[CP] Check Pods Manifest.lock";
			outputPaths = (
				"$(DERIVED_FILE_DIR)/Pods-iTunesAppsList-checkManifestLockResult.txt",
			);
			runOnlyForDeploymentPostprocessing = 0;
			shellPath = /bin/sh;
			shellScript = "diff \"${PODS_PODFILE_DIR_PATH}/Podfile.lock\" \"${PODS_ROOT}/Manifest.lock\" > /dev/null\nif [ $? != 0 ] ; then\n    # print error to STDERR\n    echo \"error: The sandbox is not in sync with the Podfile.lock. Run 'pod install' or update your CocoaPods installation.\" >&2\n    exit 1\nfi\n# This output is used by Xcode 'outputs' to avoid re-running this script phase.\necho \"SUCCESS\" > \"${SCRIPT_OUTPUT_FILE_0}\"\n";
			showEnvVarsInLog = 0;
		};
		122E53A96FDF64F79D317952 /* [CP] Copy Pods Resources */ = {
			isa = PBXShellScriptBuildPhase;
			buildActionMask = 2147483647;
			files = (
			);
			inputPaths = (
			);
			name = "[CP] Copy Pods Resources";
			outputPaths = (
			);
			runOnlyForDeploymentPostprocessing = 0;
			shellPath = /bin/sh;
			shellScript = "\"${SRCROOT}/Pods/Target Support Files/Pods-iTunesAppsList/Pods-iTunesAppsList-resources.sh\"\n";
			showEnvVarsInLog = 0;
		};
/* End PBXShellScriptBuildPhase section */

/* Begin PBXSourcesBuildPhase section */
		E1719B2220BF15430078D8F7 /* Sources */ = {
			isa = PBXSourcesBuildPhase;
			buildActionMask = 2147483647;
			files = (
				E118742C20BF4EA6008B1B5C /* AppsTableVC.swift in Sources */,
				E17F547E20BFC99500B7DCDE /* AppDetailsVC.swift in Sources */,
				E17F548A20BFD33400B7DCDE /* AppDescriptionCell.swift in Sources */,
				E17F548720BFCA4000B7DCDE /* AppDetailCell.swift in Sources */,
				E1C7E91E20BFF585002D1AB8 /* ImageVC.swift in Sources */,
				E118742920BF44D5008B1B5C /* Extensions.swift in Sources */,
				E16991FF20BF1CDE001EE78D /* App.swift in Sources */,
				E118742520BF40CE008B1B5C /* AppsTableCell.swift in Sources */,
				E1EECC1820BFDD7900023EC6 /* WebVC.swift in Sources */,
				E1719B2A20BF15430078D8F7 /* AppDelegate.swift in Sources */,
				E17F548120BFCA2000B7DCDE /* AppImageCell.swift in Sources */,
			);
			runOnlyForDeploymentPostprocessing = 0;
		};
/* End PBXSourcesBuildPhase section */

/* Begin PBXVariantGroup section */
		E1719B3220BF15450078D8F7 /* LaunchScreen.storyboard */ = {
			isa = PBXVariantGroup;
			children = (
				E1719B3320BF15450078D8F7 /* Base */,
			);
			name = LaunchScreen.storyboard;
			sourceTree = "<group>";
		};
/* End PBXVariantGroup section */

/* Begin XCBuildConfiguration section */
		E1719B3620BF15450078D8F7 /* Debug */ = {
			isa = XCBuildConfiguration;
			buildSettings = {
				ALWAYS_SEARCH_USER_PATHS = NO;
				CLANG_ANALYZER_NONNULL = YES;
				CLANG_ANALYZER_NUMBER_OBJECT_CONVERSION = YES_AGGRESSIVE;
				CLANG_CXX_LANGUAGE_STANDARD = "gnu++14";
				CLANG_CXX_LIBRARY = "libc++";
				CLANG_ENABLE_MODULES = YES;
				CLANG_ENABLE_OBJC_ARC = YES;
				CLANG_ENABLE_OBJC_WEAK = YES;
				CLANG_WARN_BLOCK_CAPTURE_AUTORELEASING = YES;
				CLANG_WARN_BOOL_CONVERSION = YES;
				CLANG_WARN_COMMA = YES;
				CLANG_WARN_CONSTANT_CONVERSION = YES;
				CLANG_WARN_DEPRECATED_OBJC_IMPLEMENTATIONS = YES;
				CLANG_WARN_DIRECT_OBJC_ISA_USAGE = YES_ERROR;
				CLANG_WARN_DOCUMENTATION_COMMENTS = YES;
				CLANG_WARN_EMPTY_BODY = YES;
				CLANG_WARN_ENUM_CONVERSION = YES;
				CLANG_WARN_INFINITE_RECURSION = YES;
				CLANG_WARN_INT_CONVERSION = YES;
				CLANG_WARN_NON_LITERAL_NULL_CONVERSION = YES;
				CLANG_WARN_OBJC_IMPLICIT_RETAIN_SELF = YES;
				CLANG_WARN_OBJC_LITERAL_CONVERSION = YES;
				CLANG_WARN_OBJC_ROOT_CLASS = YES_ERROR;
				CLANG_WARN_RANGE_LOOP_ANALYSIS = YES;
				CLANG_WARN_STRICT_PROTOTYPES = YES;
				CLANG_WARN_SUSPICIOUS_MOVE = YES;
				CLANG_WARN_UNGUARDED_AVAILABILITY = YES_AGGRESSIVE;
				CLANG_WARN_UNREACHABLE_CODE = YES;
				CLANG_WARN__DUPLICATE_METHOD_MATCH = YES;
				CODE_SIGN_IDENTITY = "iPhone Developer";
				COPY_PHASE_STRIP = NO;
				DEBUG_INFORMATION_FORMAT = dwarf;
				ENABLE_STRICT_OBJC_MSGSEND = YES;
				ENABLE_TESTABILITY = YES;
				GCC_C_LANGUAGE_STANDARD = gnu11;
				GCC_DYNAMIC_NO_PIC = NO;
				GCC_NO_COMMON_BLOCKS = YES;
				GCC_OPTIMIZATION_LEVEL = 0;
				GCC_PREPROCESSOR_DEFINITIONS = (
					"DEBUG=1",
					"$(inherited)",
				);
				GCC_WARN_64_TO_32_BIT_CONVERSION = YES;
				GCC_WARN_ABOUT_RETURN_TYPE = YES_ERROR;
				GCC_WARN_UNDECLARED_SELECTOR = YES;
				GCC_WARN_UNINITIALIZED_AUTOS = YES_AGGRESSIVE;
				GCC_WARN_UNUSED_FUNCTION = YES;
				GCC_WARN_UNUSED_VARIABLE = YES;
				IPHONEOS_DEPLOYMENT_TARGET = 11.4;
				MTL_ENABLE_DEBUG_INFO = YES;
				ONLY_ACTIVE_ARCH = YES;
				SDKROOT = iphoneos;
				SWIFT_ACTIVE_COMPILATION_CONDITIONS = DEBUG;
				SWIFT_OPTIMIZATION_LEVEL = "-Onone";
			};
			name = Debug;
		};
		E1719B3720BF15450078D8F7 /* Release */ = {
			isa = XCBuildConfiguration;
			buildSettings = {
				ALWAYS_SEARCH_USER_PATHS = NO;
				CLANG_ANALYZER_NONNULL = YES;
				CLANG_ANALYZER_NUMBER_OBJECT_CONVERSION = YES_AGGRESSIVE;
				CLANG_CXX_LANGUAGE_STANDARD = "gnu++14";
				CLANG_CXX_LIBRARY = "libc++";
				CLANG_ENABLE_MODULES = YES;
				CLANG_ENABLE_OBJC_ARC = YES;
				CLANG_ENABLE_OBJC_WEAK = YES;
				CLANG_WARN_BLOCK_CAPTURE_AUTORELEASING = YES;
				CLANG_WARN_BOOL_CONVERSION = YES;
				CLANG_WARN_COMMA = YES;
				CLANG_WARN_CONSTANT_CONVERSION = YES;
				CLANG_WARN_DEPRECATED_OBJC_IMPLEMENTATIONS = YES;
				CLANG_WARN_DIRECT_OBJC_ISA_USAGE = YES_ERROR;
				CLANG_WARN_DOCUMENTATION_COMMENTS = YES;
				CLANG_WARN_EMPTY_BODY = YES;
				CLANG_WARN_ENUM_CONVERSION = YES;
				CLANG_WARN_INFINITE_RECURSION = YES;
				CLANG_WARN_INT_CONVERSION = YES;
				CLANG_WARN_NON_LITERAL_NULL_CONVERSION = YES;
				CLANG_WARN_OBJC_IMPLICIT_RETAIN_SELF = YES;
				CLANG_WARN_OBJC_LITERAL_CONVERSION = YES;
				CLANG_WARN_OBJC_ROOT_CLASS = YES_ERROR;
				CLANG_WARN_RANGE_LOOP_ANALYSIS = YES;
				CLANG_WARN_STRICT_PROTOTYPES = YES;
				CLANG_WARN_SUSPICIOUS_MOVE = YES;
				CLANG_WARN_UNGUARDED_AVAILABILITY = YES_AGGRESSIVE;
				CLANG_WARN_UNREACHABLE_CODE = YES;
				CLANG_WARN__DUPLICATE_METHOD_MATCH = YES;
				CODE_SIGN_IDENTITY = "iPhone Developer";
				COPY_PHASE_STRIP = NO;
				DEBUG_INFORMATION_FORMAT = "dwarf-with-dsym";
				ENABLE_NS_ASSERTIONS = NO;
				ENABLE_STRICT_OBJC_MSGSEND = YES;
				GCC_C_LANGUAGE_STANDARD = gnu11;
				GCC_NO_COMMON_BLOCKS = YES;
				GCC_WARN_64_TO_32_BIT_CONVERSION = YES;
				GCC_WARN_ABOUT_RETURN_TYPE = YES_ERROR;
				GCC_WARN_UNDECLARED_SELECTOR = YES;
				GCC_WARN_UNINITIALIZED_AUTOS = YES_AGGRESSIVE;
				GCC_WARN_UNUSED_FUNCTION = YES;
				GCC_WARN_UNUSED_VARIABLE = YES;
				IPHONEOS_DEPLOYMENT_TARGET = 11.4;
				MTL_ENABLE_DEBUG_INFO = NO;
				SDKROOT = iphoneos;
				SWIFT_COMPILATION_MODE = wholemodule;
				SWIFT_OPTIMIZATION_LEVEL = "-O";
				VALIDATE_PRODUCT = YES;
			};
			name = Release;
		};
		E1719B3920BF15450078D8F7 /* Debug */ = {
			isa = XCBuildConfiguration;
			baseConfigurationReference = 0E53299E0541191565765FC9 /* Pods-iTunesAppsList.debug.xcconfig */;
			buildSettings = {
				ASSETCATALOG_COMPILER_APPICON_NAME = AppIcon;
				CODE_SIGN_STYLE = Automatic;
				DEVELOPMENT_TEAM = S86GR4539G;
				INFOPLIST_FILE = iTunesAppsList/Info.plist;
				LD_RUNPATH_SEARCH_PATHS = (
					"$(inherited)",
					"@executable_path/Frameworks",
				);
				PRODUCT_BUNDLE_IDENTIFIER = aplus.iTunesAppsList.iTunesAppsList;
				PRODUCT_NAME = "$(TARGET_NAME)";
				SWIFT_VERSION = 4.0;
				TARGETED_DEVICE_FAMILY = "1,2";
			};
			name = Debug;
		};
		E1719B3A20BF15450078D8F7 /* Release */ = {
			isa = XCBuildConfiguration;
			baseConfigurationReference = 1673F8E8769004C05867F04B /* Pods-iTunesAppsList.release.xcconfig */;
			buildSettings = {
				ASSETCATALOG_COMPILER_APPICON_NAME = AppIcon;
				CODE_SIGN_STYLE = Automatic;
				DEVELOPMENT_TEAM = S86GR4539G;
				INFOPLIST_FILE = iTunesAppsList/Info.plist;
				LD_RUNPATH_SEARCH_PATHS = (
					"$(inherited)",
					"@executable_path/Frameworks",
				);
				PRODUCT_BUNDLE_IDENTIFIER = aplus.iTunesAppsList.iTunesAppsList;
				PRODUCT_NAME = "$(TARGET_NAME)";
				SWIFT_VERSION = 4.0;
				TARGETED_DEVICE_FAMILY = "1,2";
			};
			name = Release;
		};
/* End XCBuildConfiguration section */

/* Begin XCConfigurationList section */
		E1719B2120BF15430078D8F7 /* Build configuration list for PBXProject "iTunesAppsList" */ = {
			isa = XCConfigurationList;
			buildConfigurations = (
				E1719B3620BF15450078D8F7 /* Debug */,
				E1719B3720BF15450078D8F7 /* Release */,
			);
			defaultConfigurationIsVisible = 0;
			defaultConfigurationName = Release;
		};
		E1719B3820BF15450078D8F7 /* Build configuration list for PBXNativeTarget "iTunesAppsList" */ = {
			isa = XCConfigurationList;
			buildConfigurations = (
				E1719B3920BF15450078D8F7 /* Debug */,
				E1719B3A20BF15450078D8F7 /* Release */,
			);
			defaultConfigurationIsVisible = 0;
			defaultConfigurationName = Release;
		};
/* End XCConfigurationList section */
	};
	rootObject = E1719B1E20BF15430078D8F7 /* Project object */;
}
